{
    "requires": true,
    "lockfileVersion": 1,
    "dependencies": {
        "ckeditor": {
            "version": "4.12.1",
            "resolved": "https://registry.npmjs.org/ckeditor/-/ckeditor-4.12.1.tgz",
            "integrity": "sha512-pH2Su4oi0D4iN/3U8nUcwI7/lXHoOJi0aiN8e2zxnm4Ow5kq8eZP2ZGmpYyuqRyKZ2tHaU8+OyYi7laXcjiq9Q=="
        },
        "highlight.js": {
            "version": "9.15.10",
            "resolved": "https://registry.npmjs.org/highlight.js/-/highlight.js-9.15.10.tgz",
            "integrity": "sha512-RoV7OkQm0T3os3Dd2VHLNMoaoDVx77Wygln3n9l5YV172XonWG6rgQD3XnF/BuFFZw9A0TJgmMSO8FEWQgvcXw=="
        },
        "jquery": {
            "version": "3.4.1",
            "resolved": "https://registry.npmjs.org/jquery/-/jquery-3.4.1.tgz",
            "integrity": "sha512-36+AdBzCL+y6qjw5Tx7HgzeGCzC81MDDgaUP8ld2zhx58HdqXGoBd+tHdrBMiyjGQs0Hxs/MLZTu/eHNJJuWPw=="
        },
        "owl.carousel": {
            "version": "2.3.4",
            "resolved": "https://registry.npmjs.org/owl.carousel/-/owl.carousel-2.3.4.tgz",
            "integrity": "sha512-JaDss9+feAvEW8KZppPSpllfposEzQiW+Ytt/Xm5t/3CTJ7YVmkh6RkWixoA2yXk2boIwedYxOvrrppIGzru9A==",
            "requires": {
                "jquery": ">=1.8.3"
            }
        }
    }
}
